Microsoft Visual Studio Solution File, Format Version 11.00
# Visual Studio 2008

Project("{12762645-3E07-31DA-4A4A-240902DB4A8D}") = "GameTetris", "Assembly-CSharp.csproj", "{65C9616B-FBD5-7AF1-B2BB-6F96BB3C4A8A}"
EndProject
Global
	GlobalSection(SolutionConfigurationPlatforms) = preSolution
		Debug|Any CPU = Debug|Any CPU
		Release|Any CPU = Release|Any CPU
	EndGlobalSection
	GlobalSection(ProjectConfigurationPlatforms) = postSolution
		{65C9616B-FBD5-7AF1-B2BB-6F96BB3C4A8A}.Debug|Any CPU.ActiveCfg = Debug|Any CPU
		{65C9616B-FBD5-7AF1-B2BB-6F96BB3C4A8A}.Debug|Any CPU.Build.0 = Debug|Any CPU
		{65C9616B-FBD5-7AF1-B2BB-6F96BB3C4A8A}.Release|Any CPU.ActiveCfg = Release|Any CPU
		{65C9616B-FBD5-7AF1-B2BB-6F96BB3C4A8A}.Release|Any CPU.Build.0 = Release|Any CPU
	EndGlobalSection
	GlobalSection(SolutionProperties) = preSolution
		HideSolutionNode = FALSE
	EndGlobalSection
	GlobalSection(MonoDevelopProperties) = preSolution
		StartupItem = Assembly-CSharp.csproj
	EndGlobalSection
EndGlobal
